Microsoft Visual Studio Solution File, Format Version 12.00
# Visual Studio Version 17
VisualStudioVersion = 17.0.31903.59
MinimumVisualStudioVersion = 10.0.40219.1
Project("{4AD17D1B-05CC-4321-95C0-077B310884EF}") = "Project_df33093764ea4ae0b84b91e21412ac17_20250609214714030062", "Project_df33093764ea4ae0b84b91e21412ac17_20250609214714030062.csproj", "{4AD17D1B-05CC-4321-95C0-077B310884EF}"
EndProject
Global
    GlobalSection(SolutionConfigurationPlatforms) = preSolution
        Debug|Any CPU = Debug|Any CPU
        Release|Any CPU = Release|Any CPU
    EndGlobalSection
    GlobalSection(ProjectConfigurationPlatforms) = postSolution
        {4AD17D1B-05CC-4321-95C0-077B310884EF}.Debug|Any CPU.ActiveCfg = Debug|Any CPU
        {4AD17D1B-05CC-4321-95C0-077B310884EF}.Debug|Any CPU.Build.0 = Debug|Any CPU
        {4AD17D1B-05CC-4321-95C0-077B310884EF}.Release|Any CPU.ActiveCfg = Release|Any CPU
        {4AD17D1B-05CC-4321-95C0-077B310884EF}.Release|Any CPU.Build.0 = Release|Any CPU
    EndGlobalSection
EndGlobal